
Microsoft Visual Studio Solution File, Format Version 12.00
# Visual Studio Version 17
VisualStudioVersion = 17.8.34330.188
MinimumVisualStudioVersion = 10.0.40219.1
Project("{FAE04EC0-301F-11D3-BF4B-00C04F79EFBC}") = "Crud Razor", "Crud Razor\Crud Razor.csproj", "{5E2F9DD1-F630-4916-A57D-0BF027AE4FC3}"
EndProject
Global
	GlobalSection(SolutionConfigurationPlatforms) = preSolution
		Debug|Any CPU = Debug|Any CPU
		Release|Any CPU = Release|Any CPU
	EndGlobalSection
	GlobalSection(ProjectConfigurationPlatforms) = postSolution
		{5E2F9DD1-F630-4916-A57D-0BF027AE4FC3}.Debug|Any CPU.ActiveCfg = Debug|Any CPU
		{5E2F9DD1-F630-4916-A57D-0BF027AE4FC3}.Debug|Any CPU.Build.0 = Debug|Any CPU
		{5E2F9DD1-F630-4916-A57D-0BF027AE4FC3}.Release|Any CPU.ActiveCfg = Release|Any CPU
		{5E2F9DD1-F630-4916-A57D-0BF027AE4FC3}.Release|Any CPU.Build.0 = Release|Any CPU
	EndGlobalSection
	GlobalSection(SolutionProperties) = preSolution
		HideSolutionNode = FALSE
	EndGlobalSection
	GlobalSection(ExtensibilityGlobals) = postSolution
		SolutionGuid = {941250B6-EEFB-4750-AC03-5EB3EE4AFB2E}
	EndGlobalSection
EndGlobal
